{
  "version": 4,
  "terraform_version": "1.3.7",
  "serial": 1,
  "lineage": "18febeb8-f12b-994f-4f6a-92da9b2413db",
  "outputs": {},
  "resources": [
    {
      "mode": "managed",
      "type": "aws_vpc",
      "name": "My-Terraform-VPC",
      "provider": "provider[\"registry.terraform.io/hashicorp/aws\"]",
      "instances": [
        {
          "schema_version": 1,
          "attributes": {
            "arn": "arn:aws:ec2:us-west-2:998843633766:vpc/vpc-0602cbe4791fb2726",
            "assign_generated_ipv6_cidr_block": false,
            "cidr_block": "11.0.0.0/16",
            "default_network_acl_id": "acl-009cbc16448766a6a",
            "default_route_table_id": "rtb-075859c21b21f621e",
            "default_security_group_id": "sg-09d717482a8155332",
            "dhcp_options_id": "dopt-04eb32c6fe6f19953",
            "enable_classiclink": false,
            "enable_classiclink_dns_support": false,
            "enable_dns_hostnames": false,
            "enable_dns_support": true,
            "enable_network_address_usage_metrics": false,
            "id": "vpc-0602cbe4791fb2726",
            "instance_tenancy": "default",
            "ipv4_ipam_pool_id": null,
            "ipv4_netmask_length": null,
            "ipv6_association_id": "",
            "ipv6_cidr_block": "",
            "ipv6_cidr_block_network_border_group": "",
            "ipv6_ipam_pool_id": "",
            "ipv6_netmask_length": 0,
            "main_route_table_id": "rtb-075859c21b21f621e",
            "owner_id": "998843633766",
            "tags": {
              "Name": "My-terra-vpc"
            },
            "tags_all": {
              "Name": "My-terra-vpc"
            }
          },
          "sensitive_attributes": [],
          "private": "eyJzY2hlbWFfdmVyc2lvbiI6IjEifQ=="
        }
      ]
    }
  ],
  "check_results": null
}
